// !$*UTF8*$!
{
	archiveVersion = 1;
	classes = {
	};
	objectVersion = 77;
	objects = {

/* Begin PBXBuildFile section */
		18B49F5D3028BD6F00A268FE /* PrivateAds in Frameworks */ = {isa = PBXBuildFile; productRef = 18B49F5C3028BD6F00A268FE /* PrivateAds */; };
		3022D9FA60DB64932D047E67 /* IterlyWidgets.appex in Embed Foundation Extensions */ = {isa = PBXBuildFile; fileRef = ADA609611B28A052135F8D99 /* IterlyWidgets.appex */; settings = {ATTRIBUTES = (RemoveHeadersOnCopy, ); }; };
		3A3C373361E4CC2FD170F886 /* IterlyCore in Frameworks */ = {isa = PBXBuildFile; productRef = 06DDFBE4D6E4DA90C79C40D5 /* IterlyCore */; };
		B2EB3F9541DB61DDEBA0E21E /* IterlyCore in Frameworks */ = {isa = PBXBuildFile; productRef = 2680F3D4283540A519329505 /* IterlyCore */; };
		BCF36A2AFD22045763E26AEB /* IterlyCore in Frameworks */ = {isa = PBXBuildFile; productRef = 58FACA32FD4DFF2149BDC26C /* IterlyCore */; };
/* End PBXBuildFile section */

/* Begin PBXContainerItemProxy section */
		1891F4092FF5B9EF001F748D /* PBXContainerItemProxy */ = {
			isa = PBXContainerItemProxy;
			containerPortal = 18EAF1E92F4F72660007C73B /* Project object */;
			proxyType = 1;
			remoteGlobalIDString = 18EAF1F02F4F72660007C73B;
			remoteInfo = Iterly;
		};
		BE484073417533AC9CFCC8FA /* PBXContainerItemProxy */ = {
			isa = PBXContainerItemProxy;
			containerPortal = 18EAF1E92F4F72660007C73B /* Project object */;
			proxyType = 1;
			remoteGlobalIDString = 5D2CEE99845187454E3DBBBD;
			remoteInfo = IterlyWidgets;
		};
/* End PBXContainerItemProxy section */

/* Begin PBXCopyFilesBuildPhase section */
		CE6235BC6333BB474846B6AE /* Embed Foundation Extensions */ = {
			isa = PBXCopyFilesBuildPhase;
			buildActionMask = 2147483647;
			dstPath = "";
			dstSubfolderSpec = 13;
			files = (
				3022D9FA60DB64932D047E67 /* IterlyWidgets.appex in Embed Foundation Extensions */,
			);
			name = "Embed Foundation Extensions";
			runOnlyForDeploymentPostprocessing = 0;
		};
/* End PBXCopyFilesBuildPhase section */

/* Begin PBXFileReference section */
		184A74F83023C56B001E730A /* Iterly.storekit */ = {isa = PBXFileReference; lastKnownFileType = text; path = Iterly.storekit; sourceTree = "<group>"; };
		18AB00022F4F72660007C73B /* IterlyTests.xctest */ = {isa = PBXFileReference; explicitFileType = wrapper.cfbundle; includeInIndex = 0; path = IterlyTests.xctest; sourceTree = BUILT_PRODUCTS_DIR; };
		18EAF1F12F4F72660007C73B /* Iterly.app */ = {isa = PBXFileReference; explicitFileType = wrapper.application; includeInIndex = 0; path = Iterly.app; sourceTree = BUILT_PRODUCTS_DIR; };
		ADA609611B28A052135F8D99 /* IterlyWidgets.appex */ = {isa = PBXFileReference; explicitFileType = "wrapper.app-extension"; includeInIndex = 0; path = IterlyWidgets.appex; sourceTree = BUILT_PRODUCTS_DIR; };
/* End PBXFileReference section */

/* Begin PBXFileSystemSynchronizedBuildFileExceptionSet section */
		188AB2F12F58BC8A00E40CBD /* Exceptions for "Iterly" folder in "Iterly" target */ = {
			isa = PBXFileSystemSynchronizedBuildFileExceptionSet;
			membershipExceptions = (
				Info.plist,
			);
			target = 18EAF1F02F4F72660007C73B /* Iterly */;
		};
		F07BA36EB9AC6244B14C5827 /* Exceptions for "IterlyWidgets" folder in "IterlyWidgets" target */ = {
			isa = PBXFileSystemSynchronizedBuildFileExceptionSet;
			membershipExceptions = (
				Info.plist,
			);
			target = 5D2CEE99845187454E3DBBBD /* IterlyWidgets */;
		};
/* End PBXFileSystemSynchronizedBuildFileExceptionSet section */

/* Begin PBXFileSystemSynchronizedRootGroup section */
		18AB00032F4F72660007C73B /* IterlyTests */ = {
			isa = PBXFileSystemSynchronizedRootGroup;
			path = IterlyTests;
			sourceTree = "<group>";
		};
		18EAF1F32F4F72660007C73B /* Iterly */ = {
			isa = PBXFileSystemSynchronizedRootGroup;
			exceptions = (
				188AB2F12F58BC8A00E40CBD /* Exceptions for "Iterly" folder in "Iterly" target */,
			);
			path = Iterly;
			sourceTree = "<group>";
		};
		1A37B5045684B374773FC9DE /* IterlyWidgets */ = {
			isa = PBXFileSystemSynchronizedRootGroup;
			exceptions = (
				F07BA36EB9AC6244B14C5827 /* Exceptions for "IterlyWidgets" folder in "IterlyWidgets" target */,
			);
			path = IterlyWidgets;
			sourceTree = "<group>";
		};
/* End PBXFileSystemSynchronizedRootGroup section */

/* Begin PBXFrameworksBuildPhase section */
		0044ACE53DD5AE0F31783B3A /* Frameworks */ = {
			isa = PBXFrameworksBuildPhase;
			buildActionMask = 2147483647;
			files = (
				BCF36A2AFD22045763E26AEB /* IterlyCore in Frameworks */,
			);
			runOnlyForDeploymentPostprocessing = 0;
		};
		18AB00052F4F72660007C73B /* Frameworks */ = {
			isa = PBXFrameworksBuildPhase;
			buildActionMask = 2147483647;
			files = (
				B2EB3F9541DB61DDEBA0E21E /* IterlyCore in Frameworks */,
			);
			runOnlyForDeploymentPostprocessing = 0;
		};
		18EAF1EE2F4F72660007C73B /* Frameworks */ = {
			isa = PBXFrameworksBuildPhase;
			buildActionMask = 2147483647;
			files = (
				3A3C373361E4CC2FD170F886 /* IterlyCore in Frameworks */,
				18B49F5D3028BD6F00A268FE /* PrivateAds in Frameworks */,
			);
			runOnlyForDeploymentPostprocessing = 0;
		};
/* End PBXFrameworksBuildPhase section */

/* Begin PBXGroup section */
		18EAF1E82F4F72660007C73B = {
			isa = PBXGroup;
			children = (
				184A74F83023C56B001E730A /* Iterly.storekit */,
				18EAF1F32F4F72660007C73B /* Iterly */,
				18AB00032F4F72660007C73B /* IterlyTests */,
				1A37B5045684B374773FC9DE /* IterlyWidgets */,
				18EAF1F22F4F72660007C73B /* Products */,
			);
			sourceTree = "<group>";
		};
		18EAF1F22F4F72660007C73B /* Products */ = {
			isa = PBXGroup;
			children = (
				18EAF1F12F4F72660007C73B /* Iterly.app */,
				18AB00022F4F72660007C73B /* IterlyTests.xctest */,
				ADA609611B28A052135F8D99 /* IterlyWidgets.appex */,
			);
			name = Products;
			sourceTree = "<group>";
		};
/* End PBXGroup section */

/* Begin PBXNativeTarget section */
		18AB00012F4F72660007C73B /* IterlyTests */ = {
			isa = PBXNativeTarget;
			buildConfigurationList = 18AB00092F4F72660007C73B /* Build configuration list for PBXNativeTarget "IterlyTests" */;
			buildPhases = (
				18AB00042F4F72660007C73B /* Sources */,
				18AB00052F4F72660007C73B /* Frameworks */,
				18AB00062F4F72660007C73B /* Resources */,
			);
			buildRules = (
			);
			dependencies = (
				18AB00082F4F72660007C73B /* PBXTargetDependency */,
			);
			fileSystemSynchronizedGroups = (
				18AB00032F4F72660007C73B /* IterlyTests */,
			);
			name = IterlyTests;
			packageProductDependencies = (
				2680F3D4283540A519329505 /* IterlyCore */,
			);
			productName = IterlyTests;
			productReference = 18AB00022F4F72660007C73B /* IterlyTests.xctest */;
			productType = "com.apple.product-type.bundle.unit-test";
		};
		18EAF1F02F4F72660007C73B /* Iterly */ = {
			isa = PBXNativeTarget;
			buildConfigurationList = 18EAF1FC2F4F72670007C73B /* Build configuration list for PBXNativeTarget "Iterly" */;
			buildPhases = (
				18EAF1ED2F4F72660007C73B /* Sources */,
				18EAF1EE2F4F72660007C73B /* Frameworks */,
				18EAF1EF2F4F72660007C73B /* Resources */,
				CE6235BC6333BB474846B6AE /* Embed Foundation Extensions */,
			);
			buildRules = (
			);
			dependencies = (
				25EF9DD4F52E913AFB72451E /* PBXTargetDependency */,
			);
			fileSystemSynchronizedGroups = (
				18EAF1F32F4F72660007C73B /* Iterly */,
			);
			name = Iterly;
			packageProductDependencies = (
				06DDFBE4D6E4DA90C79C40D5 /* IterlyCore */,
				18B49F5C3028BD6F00A268FE /* PrivateAds */,
			);
			productName = Itero;
			productReference = 18EAF1F12F4F72660007C73B /* Iterly.app */;
			productType = "com.apple.product-type.application";
		};
		5D2CEE99845187454E3DBBBD /* IterlyWidgets */ = {
			isa = PBXNativeTarget;
			buildConfigurationList = 9CDDA94F5C2107D92897BA3B /* Build configuration list for PBXNativeTarget "IterlyWidgets" */;
			buildPhases = (
				A8EB40079151752BB6102BA0 /* Sources */,
				0044ACE53DD5AE0F31783B3A /* Frameworks */,
				A4E01CA394CF5E6DD80683B4 /* Resources */,
			);
			buildRules = (
			);
			dependencies = (
			);
			fileSystemSynchronizedGroups = (
				1A37B5045684B374773FC9DE /* IterlyWidgets */,
			);
			name = IterlyWidgets;
			packageProductDependencies = (
				58FACA32FD4DFF2149BDC26C /* IterlyCore */,
			);
			productName = IterlyWidgets;
			productReference = ADA609611B28A052135F8D99 /* IterlyWidgets.appex */;
			productType = "com.apple.product-type.app-extension";
		};
/* End PBXNativeTarget section */

/* Begin PBXProject section */
		18EAF1E92F4F72660007C73B /* Project object */ = {
			isa = PBXProject;
			attributes = {
				BuildIndependentTargetsInParallel = 1;
				LastSwiftUpdateCheck = 2630;
				LastUpgradeCheck = 2630;
				TargetAttributes = {
					18AB00012F4F72660007C73B = {
						CreatedOnToolsVersion = 26.3;
						TestTargetID = 18EAF1F02F4F72660007C73B;
					};
					18EAF1F02F4F72660007C73B = {
						CreatedOnToolsVersion = 26.3;
					};
					5D2CEE99845187454E3DBBBD = {
						CreatedOnToolsVersion = 26.3;
					};
				};
			};
			buildConfigurationList = 18EAF1EC2F4F72660007C73B /* Build configuration list for PBXProject "Iterly" */;
			developmentRegion = en;
			hasScannedForEncodings = 0;
			knownRegions = (
				en,
				Base,
			);
			mainGroup = 18EAF1E82F4F72660007C73B;
			minimizedProjectReferenceProxies = 1;
			packageReferences = (
				69B5B80D0C1C370C0D3FB073 /* XCLocalSwiftPackageReference "IterlyCore" */,
				18B49F5B3028BD6F00A268FE /* XCLocalSwiftPackageReference "../../Other/PrivateAds" */,
			);
			preferredProjectObjectVersion = 77;
			productRefGroup = 18EAF1F22F4F72660007C73B /* Products */;
			projectDirPath = "";
			projectRoot = "";
			targets = (
				18EAF1F02F4F72660007C73B /* Iterly */,
				18AB00012F4F72660007C73B /* IterlyTests */,
				5D2CEE99845187454E3DBBBD /* IterlyWidgets */,
			);
		};
/* End PBXProject section */

/* Begin PBXResourcesBuildPhase section */
		18AB00062F4F72660007C73B /* Resources */ = {
			isa = PBXResourcesBuildPhase;
			buildActionMask = 2147483647;
			files = (
			);
			runOnlyForDeploymentPostprocessing = 0;
		};
		18EAF1EF2F4F72660007C73B /* Resources */ = {
			isa = PBXResourcesBuildPhase;
			buildActionMask = 2147483647;
			files = (
			);
			runOnlyForDeploymentPostprocessing = 0;
		};
		A4E01CA394CF5E6DD80683B4 /* Resources */ = {
			isa = PBXResourcesBuildPhase;
			buildActionMask = 2147483647;
			files = (
			);
			runOnlyForDeploymentPostprocessing = 0;
		};
/* End PBXResourcesBuildPhase section */

/* Begin PBXSourcesBuildPhase section */
		18AB00042F4F72660007C73B /* Sources */ = {
			isa = PBXSourcesBuildPhase;
			buildActionMask = 2147483647;
			files = (
			);
			runOnlyForDeploymentPostprocessing = 0;
		};
		18EAF1ED2F4F72660007C73B /* Sources */ = {
			isa = PBXSourcesBuildPhase;
			buildActionMask = 2147483647;
			files = (
			);
			runOnlyForDeploymentPostprocessing = 0;
		};
		A8EB40079151752BB6102BA0 /* Sources */ = {
			isa = PBXSourcesBuildPhase;
			buildActionMask = 2147483647;
			files = (
			);
			runOnlyForDeploymentPostprocessing = 0;
		};
/* End PBXSourcesBuildPhase section */

/* Begin PBXTargetDependency section */
		18AB00082F4F72660007C73B /* PBXTargetDependency */ = {
			isa = PBXTargetDependency;
			target = 18EAF1F02F4F72660007C73B /* Iterly */;
			targetProxy = 1891F4092FF5B9EF001F748D /* PBXContainerItemProxy */;
		};
		25EF9DD4F52E913AFB72451E /* PBXTargetDependency */ = {
			isa = PBXTargetDependency;
			target = 5D2CEE99845187454E3DBBBD /* IterlyWidgets */;
			targetProxy = BE484073417533AC9CFCC8FA /* PBXContainerItemProxy */;
		};
/* End PBXTargetDependency section */

/* Begin XCBuildConfiguration section */
		18AB000A2F4F72660007C73B /* Debug */ = {
			isa = XCBuildConfiguration;
			buildSettings = {
				BUNDLE_LOADER = "$(TEST_HOST)";
				CODE_SIGN_STYLE = Automatic;
				CURRENT_PROJECT_VERSION = 1;
				DEVELOPMENT_TEAM = 3K3GFX53DY;
				GENERATE_INFOPLIST_FILE = YES;
				IPHONEOS_DEPLOYMENT_TARGET = 18;
				MARKETING_VERSION = 1.0;
				PRODUCT_BUNDLE_IDENTIFIER = cilia.filippo.IterlyTests;
				PRODUCT_NAME = "$(TARGET_NAME)";
				SUPPORTED_PLATFORMS = "iphoneos iphonesimulator";
				SWIFT_APPROACHABLE_CONCURRENCY = YES;
				SWIFT_DEFAULT_ACTOR_ISOLATION = MainActor;
				SWIFT_EMIT_LOC_STRINGS = NO;
				SWIFT_UPCOMING_FEATURE_MEMBER_IMPORT_VISIBILITY = YES;
				SWIFT_VERSION = 5.0;
				TARGETED_DEVICE_FAMILY = "1,2";
				TEST_HOST = "$(BUILT_PRODUCTS_DIR)/Iterly.app/$(BUNDLE_EXECUTABLE_FOLDER_PATH)/Iterly";
			};
			name = Debug;
		};
		18AB000B2F4F72660007C73B /* Release */ = {
			isa = XCBuildConfiguration;
			buildSettings = {
				BUNDLE_LOADER = "$(TEST_HOST)";
				CODE_SIGN_STYLE = Automatic;
				CURRENT_PROJECT_VERSION = 1;
				DEVELOPMENT_TEAM = 3K3GFX53DY;
				GENERATE_INFOPLIST_FILE = YES;
				IPHONEOS_DEPLOYMENT_TARGET = 18;
				MARKETING_VERSION = 1.0;
				PRODUCT_BUNDLE_IDENTIFIER = cilia.filippo.IterlyTests;
				PRODUCT_NAME = "$(TARGET_NAME)";
				SUPPORTED_PLATFORMS = "iphoneos iphonesimulator";
				SWIFT_APPROACHABLE_CONCURRENCY = YES;
				SWIFT_DEFAULT_ACTOR_ISOLATION = MainActor;
				SWIFT_EMIT_LOC_STRINGS = NO;
				SWIFT_UPCOMING_FEATURE_MEMBER_IMPORT_VISIBILITY = YES;
				SWIFT_VERSION = 5.0;
				TARGETED_DEVICE_FAMILY = "1,2";
				TEST_HOST = "$(BUILT_PRODUCTS_DIR)/Iterly.app/$(BUNDLE_EXECUTABLE_FOLDER_PATH)/Iterly";
			};
			name = Release;
		};
		18EAF1FA2F4F72670007C73B /* Debug */ = {
			isa = XCBuildConfiguration;
			buildSettings = {
				ALWAYS_SEARCH_USER_PATHS = NO;
				ASSETCATALOG_COMPILER_GENERATE_SWIFT_ASSET_SYMBOL_EXTENSIONS = YES;
				CLANG_ANALYZER_NONNULL = YES;
				CLANG_ANALYZER_NUMBER_OBJECT_CONVERSION = YES_AGGRESSIVE;
				CLANG_CXX_LANGUAGE_STANDARD = "gnu++20";
				CLANG_ENABLE_MODULES = YES;
				CLANG_ENABLE_OBJC_ARC = YES;
				CLANG_ENABLE_OBJC_WEAK = YES;
				CLANG_WARN_BLOCK_CAPTURE_AUTORELEASING = YES;
				CLANG_WARN_BOOL_CONVERSION = YES;
				CLANG_WARN_COMMA = YES;
				CLANG_WARN_CONSTANT_CONVERSION = YES;
				CLANG_WARN_DEPRECATED_OBJC_IMPLEMENTATIONS = YES;
				CLANG_WARN_DIRECT_OBJC_ISA_USAGE = YES_ERROR;
				CLANG_WARN_DOCUMENTATION_COMMENTS = YES;
				CLANG_WARN_EMPTY_BODY = YES;
				CLANG_WARN_ENUM_CONVERSION = YES;
				CLANG_WARN_INFINITE_RECURSION = YES;
				CLANG_WARN_INT_CONVERSION = YES;
				CLANG_WARN_NON_LITERAL_NULL_CONVERSION = YES;
				CLANG_WARN_OBJC_IMPLICIT_RETAIN_SELF = YES;
				CLANG_WARN_OBJC_LITERAL_CONVERSION = YES;
				CLANG_WARN_OBJC_ROOT_CLASS = YES_ERROR;
				CLANG_WARN_QUOTED_INCLUDE_IN_FRAMEWORK_HEADER = YES;
				CLANG_WARN_RANGE_LOOP_ANALYSIS = YES;
				CLANG_WARN_STRICT_PROTOTYPES = YES;
				CLANG_WARN_SUSPICIOUS_MOVE = YES;
				CLANG_WARN_UNGUARDED_AVAILABILITY = YES_AGGRESSIVE;
				CLANG_WARN_UNREACHABLE_CODE = YES;
				CLANG_WARN__DUPLICATE_METHOD_MATCH = YES;
				COPY_PHASE_STRIP = NO;
				DEBUG_INFORMATION_FORMAT = dwarf;
				DEVELOPMENT_TEAM = 3K3GFX53DY;
				ENABLE_STRICT_OBJC_MSGSEND = YES;
				ENABLE_TESTABILITY = YES;
				ENABLE_USER_SCRIPT_SANDBOXING = YES;
				GCC_C_LANGUAGE_STANDARD = gnu17;
				GCC_DYNAMIC_NO_PIC = NO;
				GCC_NO_COMMON_BLOCKS = YES;
				GCC_OPTIMIZATION_LEVEL = 0;
				GCC_PREPROCESSOR_DEFINITIONS = (
					"DEBUG=1",
					"$(inherited)",
				);
				GCC_WARN_64_TO_32_BIT_CONVERSION = YES;
				GCC_WARN_ABOUT_RETURN_TYPE = YES_ERROR;
				GCC_WARN_UNDECLARED_SELECTOR = YES;
				GCC_WARN_UNINITIALIZED_AUTOS = YES_AGGRESSIVE;
				GCC_WARN_UNUSED_FUNCTION = YES;
				GCC_WARN_UNUSED_VARIABLE = YES;
				IPHONEOS_DEPLOYMENT_TARGET = 26.2;
				LOCALIZATION_PREFERS_STRING_CATALOGS = YES;
				MTL_ENABLE_DEBUG_INFO = INCLUDE_SOURCE;
				MTL_FAST_MATH = YES;
				ONLY_ACTIVE_ARCH = YES;
				SDKROOT = iphoneos;
				SWIFT_ACTIVE_COMPILATION_CONDITIONS = "DEBUG $(inherited)";
				SWIFT_OPTIMIZATION_LEVEL = "-Onone";
			};
			name = Debug;
		};
		18EAF1FB2F4F72670007C73B /* Release */ = {
			isa = XCBuildConfiguration;
			buildSettings = {
				ALWAYS_SEARCH_USER_PATHS = NO;
				ASSETCATALOG_COMPILER_GENERATE_SWIFT_ASSET_SYMBOL_EXTENSIONS = YES;
				CLANG_ANALYZER_NONNULL = YES;
				CLANG_ANALYZER_NUMBER_OBJECT_CONVERSION = YES_AGGRESSIVE;
				CLANG_CXX_LANGUAGE_STANDARD = "gnu++20";
				CLANG_ENABLE_MODULES = YES;
				CLANG_ENABLE_OBJC_ARC = YES;
				CLANG_ENABLE_OBJC_WEAK = YES;
				CLANG_WARN_BLOCK_CAPTURE_AUTORELEASING = YES;
				CLANG_WARN_BOOL_CONVERSION = YES;
				CLANG_WARN_COMMA = YES;
				CLANG_WARN_CONSTANT_CONVERSION = YES;
				CLANG_WARN_DEPRECATED_OBJC_IMPLEMENTATIONS = YES;
				CLANG_WARN_DIRECT_OBJC_ISA_USAGE = YES_ERROR;
				CLANG_WARN_DOCUMENTATION_COMMENTS = YES;
				CLANG_WARN_EMPTY_BODY = YES;
				CLANG_WARN_ENUM_CONVERSION = YES;
				CLANG_WARN_INFINITE_RECURSION = YES;
				CLANG_WARN_INT_CONVERSION = YES;
				CLANG_WARN_NON_LITERAL_NULL_CONVERSION = YES;
				CLANG_WARN_OBJC_IMPLICIT_RETAIN_SELF = YES;
				CLANG_WARN_OBJC_LITERAL_CONVERSION = YES;
				CLANG_WARN_OBJC_ROOT_CLASS = YES_ERROR;
				CLANG_WARN_QUOTED_INCLUDE_IN_FRAMEWORK_HEADER = YES;
				CLANG_WARN_RANGE_LOOP_ANALYSIS = YES;
				CLANG_WARN_STRICT_PROTOTYPES = YES;
				CLANG_WARN_SUSPICIOUS_MOVE = YES;
				CLANG_WARN_UNGUARDED_AVAILABILITY = YES_AGGRESSIVE;
				CLANG_WARN_UNREACHABLE_CODE = YES;
				CLANG_WARN__DUPLICATE_METHOD_MATCH = YES;
				COPY_PHASE_STRIP = NO;
				DEBUG_INFORMATION_FORMAT = "dwarf-with-dsym";
				DEVELOPMENT_TEAM = 3K3GFX53DY;
				ENABLE_NS_ASSERTIONS = NO;
				ENABLE_STRICT_OBJC_MSGSEND = YES;
				ENABLE_USER_SCRIPT_SANDBOXING = YES;
				GCC_C_LANGUAGE_STANDARD = gnu17;
				GCC_NO_COMMON_BLOCKS = YES;
				GCC_WARN_64_TO_32_BIT_CONVERSION = YES;
				GCC_WARN_ABOUT_RETURN_TYPE = YES_ERROR;
				GCC_WARN_UNDECLARED_SELECTOR = YES;
				GCC_WARN_UNINITIALIZED_AUTOS = YES_AGGRESSIVE;
				GCC_WARN_UNUSED_FUNCTION = YES;
				GCC_WARN_UNUSED_VARIABLE = YES;
				IPHONEOS_DEPLOYMENT_TARGET = 26.2;
				LOCALIZATION_PREFERS_STRING_CATALOGS = YES;
				MTL_ENABLE_DEBUG_INFO = NO;
				MTL_FAST_MATH = YES;
				SDKROOT = iphoneos;
				SWIFT_COMPILATION_MODE = wholemodule;
				VALIDATE_PRODUCT = YES;
			};
			name = Release;
		};
		18EAF1FD2F4F72670007C73B /* Debug */ = {
			isa = XCBuildConfiguration;
			buildSettings = {
				ASSETCATALOG_COMPILER_APPICON_NAME = iterlyIcon;
				ASSETCATALOG_COMPILER_GLOBAL_ACCENT_COLOR_NAME = AccentColor;
				CODE_SIGN_ENTITLEMENTS = Iterly/Iterly.entitlements;
				CODE_SIGN_STYLE = Automatic;
				CURRENT_PROJECT_VERSION = 1;
				DEVELOPMENT_TEAM = 3K3GFX53DY;
				ENABLE_PREVIEWS = YES;
				GENERATE_INFOPLIST_FILE = YES;
				INFOPLIST_FILE = Iterly/Info.plist;
				INFOPLIST_KEY_CFBundleDisplayName = Iterly;
				INFOPLIST_KEY_ITSAppUsesNonExemptEncryption = NO;
				INFOPLIST_KEY_LSApplicationCategoryType = "public.app-category.productivity";
				INFOPLIST_KEY_UIApplicationSceneManifest_Generation = YES;
				INFOPLIST_KEY_UIApplicationSupportsIndirectInputEvents = YES;
				INFOPLIST_KEY_UILaunchScreen_Generation = YES;
				INFOPLIST_KEY_UISupportedInterfaceOrientations_iPad = "UIInterfaceOrientationPortrait UIInterfaceOrientationPortraitUpsideDown UIInterfaceOrientationLandscapeLeft UIInterfaceOrientationLandscapeRight";
				INFOPLIST_KEY_UISupportedInterfaceOrientations_iPhone = "UIInterfaceOrientationPortrait UIInterfaceOrientationLandscapeLeft UIInterfaceOrientationLandscapeRight";
				IPHONEOS_DEPLOYMENT_TARGET = 18;
				LD_RUNPATH_SEARCH_PATHS = (
					"$(inherited)",
					"@executable_path/Frameworks",
				);
				MARKETING_VERSION = 1.1;
				PRODUCT_BUNDLE_IDENTIFIER = cilia.filippo.Iterly;
				PRODUCT_NAME = "$(TARGET_NAME)";
				STRING_CATALOG_GENERATE_SYMBOLS = YES;
				SUPPORTED_PLATFORMS = "iphoneos iphonesimulator";
				SUPPORTS_MACCATALYST = NO;
				SUPPORTS_MAC_DESIGNED_FOR_IPHONE_IPAD = NO;
				SUPPORTS_XR_DESIGNED_FOR_IPHONE_IPAD = NO;
				SWIFT_APPROACHABLE_CONCURRENCY = YES;
				SWIFT_DEFAULT_ACTOR_ISOLATION = MainActor;
				SWIFT_EMIT_LOC_STRINGS = YES;
				SWIFT_UPCOMING_FEATURE_MEMBER_IMPORT_VISIBILITY = YES;
				SWIFT_VERSION = 5.0;
				TARGETED_DEVICE_FAMILY = 1;
			};
			name = Debug;
		};
		18EAF1FE2F4F72670007C73B /* Release */ = {
			isa = XCBuildConfiguration;
			buildSettings = {
				ASSETCATALOG_COMPILER_APPICON_NAME = iterlyIcon;
				ASSETCATALOG_COMPILER_GLOBAL_ACCENT_COLOR_NAME = AccentColor;
				CODE_SIGN_ENTITLEMENTS = Iterly/Iterly.entitlements;
				CODE_SIGN_STYLE = Automatic;
				CURRENT_PROJECT_VERSION = 1;
				DEVELOPMENT_TEAM = 3K3GFX53DY;
				ENABLE_PREVIEWS = YES;
				GENERATE_INFOPLIST_FILE = YES;
				INFOPLIST_FILE = Iterly/Info.plist;
				INFOPLIST_KEY_CFBundleDisplayName = Iterly;
				INFOPLIST_KEY_ITSAppUsesNonExemptEncryption = NO;
				INFOPLIST_KEY_LSApplicationCategoryType = "public.app-category.productivity";
				INFOPLIST_KEY_UIApplicationSceneManifest_Generation = YES;
				INFOPLIST_KEY_UIApplicationSupportsIndirectInputEvents = YES;
				INFOPLIST_KEY_UILaunchScreen_Generation = YES;
				INFOPLIST_KEY_UISupportedInterfaceOrientations_iPad = "UIInterfaceOrientationPortrait UIInterfaceOrientationPortraitUpsideDown UIInterfaceOrientationLandscapeLeft UIInterfaceOrientationLandscapeRight";
				INFOPLIST_KEY_UISupportedInterfaceOrientations_iPhone = "UIInterfaceOrientationPortrait UIInterfaceOrientationLandscapeLeft UIInterfaceOrientationLandscapeRight";
				IPHONEOS_DEPLOYMENT_TARGET = 18;
				LD_RUNPATH_SEARCH_PATHS = (
					"$(inherited)",
					"@executable_path/Frameworks",
				);
				MARKETING_VERSION = 1.1;
				PRODUCT_BUNDLE_IDENTIFIER = cilia.filippo.Iterly;
				PRODUCT_NAME = "$(TARGET_NAME)";
				STRING_CATALOG_GENERATE_SYMBOLS = YES;
				SUPPORTED_PLATFORMS = "iphoneos iphonesimulator";
				SUPPORTS_MACCATALYST = NO;
				SUPPORTS_MAC_DESIGNED_FOR_IPHONE_IPAD = NO;
				SUPPORTS_XR_DESIGNED_FOR_IPHONE_IPAD = NO;
				SWIFT_APPROACHABLE_CONCURRENCY = YES;
				SWIFT_DEFAULT_ACTOR_ISOLATION = MainActor;
				SWIFT_EMIT_LOC_STRINGS = YES;
				SWIFT_UPCOMING_FEATURE_MEMBER_IMPORT_VISIBILITY = YES;
				SWIFT_VERSION = 5.0;
				TARGETED_DEVICE_FAMILY = 1;
			};
			name = Release;
		};
		1FE77CBC3B0558DDB4789982 /* Debug */ = {
			isa = XCBuildConfiguration;
			buildSettings = {
				CODE_SIGN_ENTITLEMENTS = IterlyWidgets/IterlyWidgets.entitlements;
				CODE_SIGN_STYLE = Automatic;
				CURRENT_PROJECT_VERSION = 1;
				DEVELOPMENT_TEAM = 3K3GFX53DY;
				GENERATE_INFOPLIST_FILE = YES;
				INFOPLIST_FILE = IterlyWidgets/Info.plist;
				INFOPLIST_KEY_CFBundleDisplayName = "Iterly Widgets";
				IPHONEOS_DEPLOYMENT_TARGET = 18;
				LD_RUNPATH_SEARCH_PATHS = (
					"$(inherited)",
					"@executable_path/Frameworks",
					"@executable_path/../../Frameworks",
				);
				MARKETING_VERSION = 1.1;
				PRODUCT_BUNDLE_IDENTIFIER = cilia.filippo.Iterly.IterlyWidgets;
				PRODUCT_NAME = "$(TARGET_NAME)";
				SKIP_INSTALL = YES;
				SUPPORTED_PLATFORMS = "iphoneos iphonesimulator";
				SWIFT_APPROACHABLE_CONCURRENCY = YES;
				SWIFT_DEFAULT_ACTOR_ISOLATION = MainActor;
				SWIFT_EMIT_LOC_STRINGS = YES;
				SWIFT_UPCOMING_FEATURE_MEMBER_IMPORT_VISIBILITY = YES;
				SWIFT_VERSION = 5.0;
				TARGETED_DEVICE_FAMILY = "1,2";
			};
			name = Debug;
		};
		ECFB97932A5AF9BC68C589DA /* Release */ = {
			isa = XCBuildConfiguration;
			buildSettings = {
				CODE_SIGN_ENTITLEMENTS = IterlyWidgets/IterlyWidgets.entitlements;
				CODE_SIGN_STYLE = Automatic;
				CURRENT_PROJECT_VERSION = 1;
				DEVELOPMENT_TEAM = 3K3GFX53DY;
				GENERATE_INFOPLIST_FILE = YES;
				INFOPLIST_FILE = IterlyWidgets/Info.plist;
				INFOPLIST_KEY_CFBundleDisplayName = "Iterly Widgets";
				IPHONEOS_DEPLOYMENT_TARGET = 18;
				LD_RUNPATH_SEARCH_PATHS = (
					"$(inherited)",
					"@executable_path/Frameworks",
					"@executable_path/../../Frameworks",
				);
				MARKETING_VERSION = 1.1;
				PRODUCT_BUNDLE_IDENTIFIER = cilia.filippo.Iterly.IterlyWidgets;
				PRODUCT_NAME = "$(TARGET_NAME)";
				SKIP_INSTALL = YES;
				SUPPORTED_PLATFORMS = "iphoneos iphonesimulator";
				SWIFT_APPROACHABLE_CONCURRENCY = YES;
				SWIFT_DEFAULT_ACTOR_ISOLATION = MainActor;
				SWIFT_EMIT_LOC_STRINGS = YES;
				SWIFT_UPCOMING_FEATURE_MEMBER_IMPORT_VISIBILITY = YES;
				SWIFT_VERSION = 5.0;
				TARGETED_DEVICE_FAMILY = "1,2";
			};
			name = Release;
		};
/* End XCBuildConfiguration section */

/* Begin XCConfigurationList section */
		18AB00092F4F72660007C73B /* Build configuration list for PBXNativeTarget "IterlyTests" */ = {
			isa = XCConfigurationList;
			buildConfigurations = (
				18AB000A2F4F72660007C73B /* Debug */,
				18AB000B2F4F72660007C73B /* Release */,
			);
			defaultConfigurationIsVisible = 0;
			defaultConfigurationName = Release;
		};
		18EAF1EC2F4F72660007C73B /* Build configuration list for PBXProject "Iterly" */ = {
			isa = XCConfigurationList;
			buildConfigurations = (
				18EAF1FA2F4F72670007C73B /* Debug */,
				18EAF1FB2F4F72670007C73B /* Release */,
			);
			defaultConfigurationIsVisible = 0;
			defaultConfigurationName = Release;
		};
		18EAF1FC2F4F72670007C73B /* Build configuration list for PBXNativeTarget "Iterly" */ = {
			isa = XCConfigurationList;
			buildConfigurations = (
				18EAF1FD2F4F72670007C73B /* Debug */,
				18EAF1FE2F4F72670007C73B /* Release */,
			);
			defaultConfigurationIsVisible = 0;
			defaultConfigurationName = Release;
		};
		9CDDA94F5C2107D92897BA3B /* Build configuration list for PBXNativeTarget "IterlyWidgets" */ = {
			isa = XCConfigurationList;
			buildConfigurations = (
				1FE77CBC3B0558DDB4789982 /* Debug */,
				ECFB97932A5AF9BC68C589DA /* Release */,
			);
			defaultConfigurationIsVisible = 0;
			defaultConfigurationName = Release;
		};
/* End XCConfigurationList section */

/* Begin XCLocalSwiftPackageReference section */
		18B49F5B3028BD6F00A268FE /* XCLocalSwiftPackageReference "../../Other/PrivateAds" */ = {
			isa = XCLocalSwiftPackageReference;
			relativePath = ../../Other/PrivateAds;
		};
		69B5B80D0C1C370C0D3FB073 /* XCLocalSwiftPackageReference "IterlyCore" */ = {
			isa = XCLocalSwiftPackageReference;
			relativePath = IterlyCore;
		};
/* End XCLocalSwiftPackageReference section */

/* Begin XCSwiftPackageProductDependency section */
		06DDFBE4D6E4DA90C79C40D5 /* IterlyCore */ = {
			isa = XCSwiftPackageProductDependency;
			package = 69B5B80D0C1C370C0D3FB073 /* XCLocalSwiftPackageReference "IterlyCore" */;
			productName = IterlyCore;
		};
		18B49F5C3028BD6F00A268FE /* PrivateAds */ = {
			isa = XCSwiftPackageProductDependency;
			productName = PrivateAds;
		};
		2680F3D4283540A519329505 /* IterlyCore */ = {
			isa = XCSwiftPackageProductDependency;
			package = 69B5B80D0C1C370C0D3FB073 /* XCLocalSwiftPackageReference "IterlyCore" */;
			productName = IterlyCore;
		};
		58FACA32FD4DFF2149BDC26C /* IterlyCore */ = {
			isa = XCSwiftPackageProductDependency;
			package = 69B5B80D0C1C370C0D3FB073 /* XCLocalSwiftPackageReference "IterlyCore" */;
			productName = IterlyCore;
		};
/* End XCSwiftPackageProductDependency section */
	};
	rootObject = 18EAF1E92F4F72660007C73B /* Project object */;
}
