{
  "originHash" : "81ab480447b7002bd8459919a5c40e18cdc8d892e39b6d32cf0e595738751223",
  "pins" : [
    {
      "identity" : "privateads",
      "kind" : "remoteSourceControl",
      "location" : "https://github.com/cilippofilia/PrivateAds.git",
      "state" : {
        "branch" : "main",
        "revision" : "ca0bfc441c8a49e4440d0ac466a0109b2ebb9093"
      }
    }
  ],
  "version" : 3
}
